
Microsoft Visual Studio Solution File, Format Version 12.00
# Visual Studio 15
VisualStudioVersion = 15.0.28010.2026
MinimumVisualStudioVersion = 10.0.40219.1
Project("{FAE04EC0-301F-11D3-BF4B-00C04F79EFBC}") = "Teller", "Teller\Teller.csproj", "{66391868-60CD-4FB6-B0B2-4A880AF9DCED}"
EndProject
Global
	GlobalSection(SolutionConfigurationPlatforms) = preSolution
		Debug|Any CPU = Debug|Any CPU
		Release|Any CPU = Release|Any CPU
	EndGlobalSection
	GlobalSection(ProjectConfigurationPlatforms) = postSolution
		{66391868-60CD-4FB6-B0B2-4A880AF9DCED}.Debug|Any CPU.ActiveCfg = Debug|Any CPU
		{66391868-60CD-4FB6-B0B2-4A880AF9DCED}.Debug|Any CPU.Build.0 = Debug|Any CPU
		{66391868-60CD-4FB6-B0B2-4A880AF9DCED}.Release|Any CPU.ActiveCfg = Release|Any CPU
		{66391868-60CD-4FB6-B0B2-4A880AF9DCED}.Release|Any CPU.Build.0 = Release|Any CPU
	EndGlobalSection
	GlobalSection(SolutionProperties) = preSolution
		HideSolutionNode = FALSE
	EndGlobalSection
	GlobalSection(ExtensibilityGlobals) = postSolution
		SolutionGuid = {A94F288E-AE98-49DA-84BC-47DAD86693AD}
	EndGlobalSection
EndGlobal
